
Microsoft Visual Studio Solution File, Format Version 12.00
# Visual Studio Version 17
VisualStudioVersion = 17.0.31903.59
MinimumVisualStudioVersion = 10.0.40219.1
Project("{FAE04EC0-301F-11D3-BF4B-00C04F79EFBC}") = "Aiming", "Aiming\Aiming.csproj", "{7DFE4657-EA1C-4B38-BFF8-FBDE77B782F4}"
EndProject
Global
	GlobalSection(SolutionConfigurationPlatforms) = preSolution
		Debug|Any CPU = Debug|Any CPU
		Release|Any CPU = Release|Any CPU
	EndGlobalSection
	GlobalSection(SolutionProperties) = preSolution
		HideSolutionNode = FALSE
	EndGlobalSection
	GlobalSection(ProjectConfigurationPlatforms) = postSolution
		{7DFE4657-EA1C-4B38-BFF8-FBDE77B782F4}.Debug|Any CPU.ActiveCfg = Debug|Any CPU
		{7DFE4657-EA1C-4B38-BFF8-FBDE77B782F4}.Debug|Any CPU.Build.0 = Debug|Any CPU
		{7DFE4657-EA1C-4B38-BFF8-FBDE77B782F4}.Release|Any CPU.ActiveCfg = Release|Any CPU
		{7DFE4657-EA1C-4B38-BFF8-FBDE77B782F4}.Release|Any CPU.Build.0 = Release|Any CPU
	EndGlobalSection
EndGlobal
